
Microsoft Visual Studio Solution File, Format Version 12.00
# Visual Studio Version 16
VisualStudioVersion = 16.0.34114.132
MinimumVisualStudioVersion = 10.0.40219.1
Project("{FAE04EC0-301F-11D3-BF4B-00C04F79EFBC}") = "WebApplication7", "WebApplication7\WebApplication7.csproj", "{4055FACF-3E47-4E91-870E-C8F757675874}"
EndProject
Global
	GlobalSection(SolutionConfigurationPlatforms) = preSolution
		Debug|Any CPU = Debug|Any CPU
		Release|Any CPU = Release|Any CPU
	EndGlobalSection
	GlobalSection(ProjectConfigurationPlatforms) = postSolution
		{4055FACF-3E47-4E91-870E-C8F757675874}.Debug|Any CPU.ActiveCfg = Debug|Any CPU
		{4055FACF-3E47-4E91-870E-C8F757675874}.Debug|Any CPU.Build.0 = Debug|Any CPU
		{4055FACF-3E47-4E91-870E-C8F757675874}.Release|Any CPU.ActiveCfg = Release|Any CPU
		{4055FACF-3E47-4E91-870E-C8F757675874}.Release|Any CPU.Build.0 = Release|Any CPU
	EndGlobalSection
	GlobalSection(SolutionProperties) = preSolution
		HideSolutionNode = FALSE
	EndGlobalSection
	GlobalSection(ExtensibilityGlobals) = postSolution
		SolutionGuid = {9D8A1FFA-2849-4521-AFA5-7E1A13EFC2FB}
	EndGlobalSection
EndGlobal
